// !$*UTF8*$!
{
	archiveVersion = 1;
	classes = {
	};
	objectVersion = 52;
	objects = {

/* Begin PBXBuildFile section */
		11082C60270E7EC40099285E /* StorageV1App.swift in Sources */ = {isa = PBXBuildFile; fileRef = 11082C5F270E7EC40099285E /* StorageV1App.swift */; };
		11082C62270E7EC40099285E /* ContentView.swift in Sources */ = {isa = PBXBuildFile; fileRef = 11082C61270E7EC40099285E /* ContentView.swift */; };
		11082C64270E7EC60099285E /* Assets.xcassets in Resources */ = {isa = PBXBuildFile; fileRef = 11082C63270E7EC60099285E /* Assets.xcassets */; };
		11082C67270E7EC60099285E /* Preview Assets.xcassets in Resources */ = {isa = PBXBuildFile; fileRef = 11082C66270E7EC60099285E /* Preview Assets.xcassets */; };
		114567A0274C6417008394EF /* CollectionUtils.swift in Sources */ = {isa = PBXBuildFile; fileRef = 11456799274C6416008394EF /* CollectionUtils.swift */; };
		114567A1274C6417008394EF /* PersistenceUtils.swift in Sources */ = {isa = PBXBuildFile; fileRef = 1145679A274C6416008394EF /* PersistenceUtils.swift */; };
		114567A2274C6417008394EF /* PersistenceError.swift in Sources */ = {isa = PBXBuildFile; fileRef = 1145679B274C6416008394EF /* PersistenceError.swift */; };
		114567A3274C6417008394EF /* StringUtils.swift in Sources */ = {isa = PBXBuildFile; fileRef = 1145679C274C6417008394EF /* StringUtils.swift */; };
		114567A4274C6417008394EF /* EnvironmentUtils.swift in Sources */ = {isa = PBXBuildFile; fileRef = 1145679D274C6417008394EF /* EnvironmentUtils.swift */; };
		114567A5274C6417008394EF /* DataUtils.swift in Sources */ = {isa = PBXBuildFile; fileRef = 1145679E274C6417008394EF /* DataUtils.swift */; };
		114567A6274C6417008394EF /* URLUtils.swift in Sources */ = {isa = PBXBuildFile; fileRef = 1145679F274C6417008394EF /* URLUtils.swift */; };
		114567A9274C646F008394EF /* Logging in Frameworks */ = {isa = PBXBuildFile; productRef = 114567A8274C646F008394EF /* Logging */; };
		119C62452738D41000116A4F /* StorageV1.xcdatamodeld in Sources */ = {isa = PBXBuildFile; fileRef = 11082C6A270E7EC60099285E /* StorageV1.xcdatamodeld */; };
		119C624A2738D6A200116A4F /* ChatView.swift in Sources */ = {isa = PBXBuildFile; fileRef = 119C62492738D6A200116A4F /* ChatView.swift */; };
		AD256988273EF70F0065A85D /* SwiftUIView.swift in Sources */ = {isa = PBXBuildFile; fileRef = AD256987273EF70F0065A85D /* SwiftUIView.swift */; };
		AD25698B273EF9E00065A85D /* CodeScanner in Frameworks */ = {isa = PBXBuildFile; productRef = AD25698A273EF9E00065A85D /* CodeScanner */; };
		ADC654A72741C69A00E11CB5 /* SplashView2.swift in Sources */ = {isa = PBXBuildFile; fileRef = ADC654A62741C69A00E11CB5 /* SplashView2.swift */; };
		B748AA73274D7BA1003B76D2 /* HomeView.swift in Sources */ = {isa = PBXBuildFile; fileRef = B748AA72274D7BA1003B76D2 /* HomeView.swift */; };
		B748AA78274D83B7003B76D2 /* SettingsView.swift in Sources */ = {isa = PBXBuildFile; fileRef = B748AA77274D83B7003B76D2 /* SettingsView.swift */; };
		B748AA7B274D8439003B76D2 /* ContactsView.swift in Sources */ = {isa = PBXBuildFile; fileRef = B748AA7A274D8439003B76D2 /* ContactsView.swift */; };
		B748AA7E274D85B2003B76D2 /* MessageView.swift in Sources */ = {isa = PBXBuildFile; fileRef = B748AA7D274D85B2003B76D2 /* MessageView.swift */; };
		B748AA8F274DA4BF003B76D2 /* KeyUtils.swift in Sources */ = {isa = PBXBuildFile; fileRef = B748AA8E274DA4BF003B76D2 /* KeyUtils.swift */; };
		B748AA97274DAAB3003B76D2 /* CustomScrollView.swift in Sources */ = {isa = PBXBuildFile; fileRef = B748AA96274DAAB3003B76D2 /* CustomScrollView.swift */; };
		B748AAA3274DB29E003B76D2 /* Identity.swift in Sources */ = {isa = PBXBuildFile; fileRef = B748AA9C274DB29E003B76D2 /* Identity.swift */; };
		B748AAA4274DB29E003B76D2 /* Message2.swift in Sources */ = {isa = PBXBuildFile; fileRef = B748AA9D274DB29E003B76D2 /* Message2.swift */; };
		B748AAA5274DB29E003B76D2 /* Encrypteds.swift in Sources */ = {isa = PBXBuildFile; fileRef = B748AA9E274DB29E003B76D2 /* Encrypteds.swift */; };
		B748AAA6274DB29E003B76D2 /* Encrypted2.swift in Sources */ = {isa = PBXBuildFile; fileRef = B748AA9F274DB29E003B76D2 /* Encrypted2.swift */; };
		B748AAA7274DB29E003B76D2 /* Identity2.swift in Sources */ = {isa = PBXBuildFile; fileRef = B748AAA0274DB29E003B76D2 /* Identity2.swift */; };
		B748AAA8274DB29E003B76D2 /* Contacts.swift in Sources */ = {isa = PBXBuildFile; fileRef = B748AAA1274DB29E003B76D2 /* Contacts.swift */; };
		B748AAAB274DB2BD003B76D2 /* BTController2.swift in Sources */ = {isa = PBXBuildFile; fileRef = B748AAAA274DB2BD003B76D2 /* BTController2.swift */; };
		B748AAB8274F3847003B76D2 /* Contact2.swift in Sources */ = {isa = PBXBuildFile; fileRef = B748AAB7274F3847003B76D2 /* Contact2.swift */; };
		B77EBC8A273CB83400D059D3 /* SplashView.swift in Sources */ = {isa = PBXBuildFile; fileRef = B77EBC89273CB83400D059D3 /* SplashView.swift */; };
/* End PBXBuildFile section */

/* Begin PBXFileReference section */
		11082C5C270E7EC40099285E /* StorageV1.app */ = {isa = PBXFileReference; explicitFileType = wrapper.application; includeInIndex = 0; path = StorageV1.app; sourceTree = BUILT_PRODUCTS_DIR; };
		11082C5F270E7EC40099285E /* StorageV1App.swift */ = {isa = PBXFileReference; lastKnownFileType = sourcecode.swift; path = StorageV1App.swift; sourceTree = "<group>"; };
		11082C61270E7EC40099285E /* ContentView.swift */ = {isa = PBXFileReference; lastKnownFileType = sourcecode.swift; path = ContentView.swift; sourceTree = "<group>"; };
		11082C63270E7EC60099285E /* Assets.xcassets */ = {isa = PBXFileReference; lastKnownFileType = folder.assetcatalog; path = Assets.xcassets; sourceTree = "<group>"; };
		11082C66270E7EC60099285E /* Preview Assets.xcassets */ = {isa = PBXFileReference; lastKnownFileType = folder.assetcatalog; path = "Preview Assets.xcassets"; sourceTree = "<group>"; };
		11082C6B270E7EC60099285E /* StorageV1.xcdatamodel */ = {isa = PBXFileReference; lastKnownFileType = wrapper.xcdatamodel; path = StorageV1.xcdatamodel; sourceTree = "<group>"; };
		11082C6D270E7EC60099285E /* Info.plist */ = {isa = PBXFileReference; lastKnownFileType = text.plist.xml; path = Info.plist; sourceTree = "<group>"; };
		11456799274C6416008394EF /* CollectionUtils.swift */ = {isa = PBXFileReference; fileEncoding = 4; lastKnownFileType = sourcecode.swift; path = CollectionUtils.swift; sourceTree = "<group>"; };
		1145679A274C6416008394EF /* PersistenceUtils.swift */ = {isa = PBXFileReference; fileEncoding = 4; lastKnownFileType = sourcecode.swift; path = PersistenceUtils.swift; sourceTree = "<group>"; };
		1145679B274C6416008394EF /* PersistenceError.swift */ = {isa = PBXFileReference; fileEncoding = 4; lastKnownFileType = sourcecode.swift; path = PersistenceError.swift; sourceTree = "<group>"; };
		1145679C274C6417008394EF /* StringUtils.swift */ = {isa = PBXFileReference; fileEncoding = 4; lastKnownFileType = sourcecode.swift; path = StringUtils.swift; sourceTree = "<group>"; };
		1145679D274C6417008394EF /* EnvironmentUtils.swift */ = {isa = PBXFileReference; fileEncoding = 4; lastKnownFileType = sourcecode.swift; path = EnvironmentUtils.swift; sourceTree = "<group>"; };
		1145679E274C6417008394EF /* DataUtils.swift */ = {isa = PBXFileReference; fileEncoding = 4; lastKnownFileType = sourcecode.swift; path = DataUtils.swift; sourceTree = "<group>"; };
		1145679F274C6417008394EF /* URLUtils.swift */ = {isa = PBXFileReference; fileEncoding = 4; lastKnownFileType = sourcecode.swift; path = URLUtils.swift; sourceTree = "<group>"; };
		119C62492738D6A200116A4F /* ChatView.swift */ = {isa = PBXFileReference; lastKnownFileType = sourcecode.swift; path = ChatView.swift; sourceTree = "<group>"; };
		AD256987273EF70F0065A85D /* SwiftUIView.swift */ = {isa = PBXFileReference; lastKnownFileType = sourcecode.swift; path = SwiftUIView.swift; sourceTree = "<group>"; };
		ADC654A62741C69A00E11CB5 /* SplashView2.swift */ = {isa = PBXFileReference; lastKnownFileType = sourcecode.swift; path = SplashView2.swift; sourceTree = "<group>"; };
		B748AA72274D7BA1003B76D2 /* HomeView.swift */ = {isa = PBXFileReference; lastKnownFileType = sourcecode.swift; path = HomeView.swift; sourceTree = "<group>"; };
		B748AA77274D83B7003B76D2 /* SettingsView.swift */ = {isa = PBXFileReference; lastKnownFileType = sourcecode.swift; path = SettingsView.swift; sourceTree = "<group>"; };
		B748AA7A274D8439003B76D2 /* ContactsView.swift */ = {isa = PBXFileReference; lastKnownFileType = sourcecode.swift; path = ContactsView.swift; sourceTree = "<group>"; };
		B748AA7D274D85B2003B76D2 /* MessageView.swift */ = {isa = PBXFileReference; lastKnownFileType = sourcecode.swift; path = MessageView.swift; sourceTree = "<group>"; };
		B748AA8E274DA4BF003B76D2 /* KeyUtils.swift */ = {isa = PBXFileReference; fileEncoding = 4; lastKnownFileType = sourcecode.swift; path = KeyUtils.swift; sourceTree = "<group>"; };
		B748AA96274DAAB3003B76D2 /* CustomScrollView.swift */ = {isa = PBXFileReference; lastKnownFileType = sourcecode.swift; path = CustomScrollView.swift; sourceTree = "<group>"; };
		B748AA9C274DB29E003B76D2 /* Identity.swift */ = {isa = PBXFileReference; fileEncoding = 4; lastKnownFileType = sourcecode.swift; path = Identity.swift; sourceTree = "<group>"; };
		B748AA9D274DB29E003B76D2 /* Message2.swift */ = {isa = PBXFileReference; fileEncoding = 4; lastKnownFileType = sourcecode.swift; path = Message2.swift; sourceTree = "<group>"; };
		B748AA9E274DB29E003B76D2 /* Encrypteds.swift */ = {isa = PBXFileReference; fileEncoding = 4; lastKnownFileType = sourcecode.swift; path = Encrypteds.swift; sourceTree = "<group>"; };
		B748AA9F274DB29E003B76D2 /* Encrypted2.swift */ = {isa = PBXFileReference; fileEncoding = 4; lastKnownFileType = sourcecode.swift; path = Encrypted2.swift; sourceTree = "<group>"; };
		B748AAA0274DB29E003B76D2 /* Identity2.swift */ = {isa = PBXFileReference; fileEncoding = 4; lastKnownFileType = sourcecode.swift; path = Identity2.swift; sourceTree = "<group>"; };
		B748AAA1274DB29E003B76D2 /* Contacts.swift */ = {isa = PBXFileReference; fileEncoding = 4; lastKnownFileType = sourcecode.swift; path = Contacts.swift; sourceTree = "<group>"; };
		B748AAAA274DB2BD003B76D2 /* BTController2.swift */ = {isa = PBXFileReference; fileEncoding = 4; lastKnownFileType = sourcecode.swift; path = BTController2.swift; sourceTree = "<group>"; };
		B748AAB7274F3847003B76D2 /* Contact2.swift */ = {isa = PBXFileReference; fileEncoding = 4; lastKnownFileType = sourcecode.swift; path = Contact2.swift; sourceTree = "<group>"; };
		B77EBC89273CB83400D059D3 /* SplashView.swift */ = {isa = PBXFileReference; lastKnownFileType = sourcecode.swift; path = SplashView.swift; sourceTree = "<group>"; };
/* End PBXFileReference section */

/* Begin PBXFrameworksBuildPhase section */
		11082C59270E7EC40099285E /* Frameworks */ = {
			isa = PBXFrameworksBuildPhase;
			buildActionMask = 2147483647;
			files = (
				114567A9274C646F008394EF /* Logging in Frameworks */,
				AD25698B273EF9E00065A85D /* CodeScanner in Frameworks */,
			);
			runOnlyForDeploymentPostprocessing = 0;
		};
/* End PBXFrameworksBuildPhase section */

/* Begin PBXGroup section */
		11082C53270E7EC40099285E = {
			isa = PBXGroup;
			children = (
				11082C5E270E7EC40099285E /* StorageV1 */,
				11082C5D270E7EC40099285E /* Products */,
			);
			sourceTree = "<group>";
		};
		11082C5D270E7EC40099285E /* Products */ = {
			isa = PBXGroup;
			children = (
				11082C5C270E7EC40099285E /* StorageV1.app */,
			);
			name = Products;
			sourceTree = "<group>";
		};
		11082C5E270E7EC40099285E /* StorageV1 */ = {
			isa = PBXGroup;
			children = (
				11456798274C63C1008394EF /* utils */,
				B748AA9A274DB29E003B76D2 /* data */,
				11082C5F270E7EC40099285E /* StorageV1App.swift */,
				B748AAAA274DB2BD003B76D2 /* BTController2.swift */,
				B748AA75274D7BAC003B76D2 /* Views */,
				11082C63270E7EC60099285E /* Assets.xcassets */,
				11082C6D270E7EC60099285E /* Info.plist */,
				11082C6A270E7EC60099285E /* StorageV1.xcdatamodeld */,
				11082C65270E7EC60099285E /* Preview Content */,
			);
			path = StorageV1;
			sourceTree = "<group>";
		};
		11082C65270E7EC60099285E /* Preview Content */ = {
			isa = PBXGroup;
			children = (
				11082C66270E7EC60099285E /* Preview Assets.xcassets */,
			);
			path = "Preview Content";
			sourceTree = "<group>";
		};
		11456798274C63C1008394EF /* utils */ = {
			isa = PBXGroup;
			children = (
				11456799274C6416008394EF /* CollectionUtils.swift */,
				1145679E274C6417008394EF /* DataUtils.swift */,
				1145679D274C6417008394EF /* EnvironmentUtils.swift */,
				1145679B274C6416008394EF /* PersistenceError.swift */,
				1145679A274C6416008394EF /* PersistenceUtils.swift */,
				B748AA8E274DA4BF003B76D2 /* KeyUtils.swift */,
				1145679C274C6417008394EF /* StringUtils.swift */,
				1145679F274C6417008394EF /* URLUtils.swift */,
			);
			path = utils;
			sourceTree = "<group>";
		};
		B748AA75274D7BAC003B76D2 /* Views */ = {
			isa = PBXGroup;
			children = (
				11082C61270E7EC40099285E /* ContentView.swift */,
				B748AA72274D7BA1003B76D2 /* HomeView.swift */,
				AD256987273EF70F0065A85D /* SwiftUIView.swift */,
				B77EBC89273CB83400D059D3 /* SplashView.swift */,
				ADC654A62741C69A00E11CB5 /* SplashView2.swift */,
				B748AA77274D83B7003B76D2 /* SettingsView.swift */,
				B748AA7A274D8439003B76D2 /* ContactsView.swift */,
				B748AA7D274D85B2003B76D2 /* MessageView.swift */,
				119C62492738D6A200116A4F /* ChatView.swift */,
				B748AA96274DAAB3003B76D2 /* CustomScrollView.swift */,
			);
			path = Views;
			sourceTree = "<group>";
		};
		B748AA9A274DB29E003B76D2 /* data */ = {
			isa = PBXGroup;
			children = (
				B748AAB7274F3847003B76D2 /* Contact2.swift */,
				B748AAA1274DB29E003B76D2 /* Contacts.swift */,
				B748AAA0274DB29E003B76D2 /* Identity2.swift */,
				B748AA9C274DB29E003B76D2 /* Identity.swift */,
				B748AA9D274DB29E003B76D2 /* Message2.swift */,
				B748AA9E274DB29E003B76D2 /* Encrypteds.swift */,
				B748AA9F274DB29E003B76D2 /* Encrypted2.swift */,
			);
			path = data;
			sourceTree = "<group>";
		};
/* End PBXGroup section */

/* Begin PBXNativeTarget section */
		11082C5B270E7EC40099285E /* StorageV1 */ = {
			isa = PBXNativeTarget;
			buildConfigurationList = 11082C70270E7EC60099285E /* Build configuration list for PBXNativeTarget "StorageV1" */;
			buildPhases = (
				11082C58270E7EC40099285E /* Sources */,
				11082C59270E7EC40099285E /* Frameworks */,
				11082C5A270E7EC40099285E /* Resources */,
			);
			buildRules = (
			);
			dependencies = (
			);
			name = StorageV1;
			packageProductDependencies = (
				AD25698A273EF9E00065A85D /* CodeScanner */,
				114567A8274C646F008394EF /* Logging */,
			);
			productName = StorageV1;
			productReference = 11082C5C270E7EC40099285E /* StorageV1.app */;
			productType = "com.apple.product-type.application";
		};
/* End PBXNativeTarget section */

/* Begin PBXProject section */
		11082C54270E7EC40099285E /* Project object */ = {
			isa = PBXProject;
			attributes = {
				LastSwiftUpdateCheck = 1250;
				LastUpgradeCheck = 1250;
				TargetAttributes = {
					11082C5B270E7EC40099285E = {
						CreatedOnToolsVersion = 12.5.1;
					};
				};
			};
			buildConfigurationList = 11082C57270E7EC40099285E /* Build configuration list for PBXProject "StorageV1" */;
			compatibilityVersion = "Xcode 9.3";
			developmentRegion = en;
			hasScannedForEncodings = 0;
			knownRegions = (
				en,
				Base,
			);
			mainGroup = 11082C53270E7EC40099285E;
			packageReferences = (
				AD256989273EF9E00065A85D /* XCRemoteSwiftPackageReference "CodeScanner" */,
				114567A7274C646F008394EF /* XCRemoteSwiftPackageReference "swift-log" */,
			);
			productRefGroup = 11082C5D270E7EC40099285E /* Products */;
			projectDirPath = "";
			projectRoot = "";
			targets = (
				11082C5B270E7EC40099285E /* StorageV1 */,
			);
		};
/* End PBXProject section */

/* Begin PBXResourcesBuildPhase section */
		11082C5A270E7EC40099285E /* Resources */ = {
			isa = PBXResourcesBuildPhase;
			buildActionMask = 2147483647;
			files = (
				11082C67270E7EC60099285E /* Preview Assets.xcassets in Resources */,
				11082C64270E7EC60099285E /* Assets.xcassets in Resources */,
			);
			runOnlyForDeploymentPostprocessing = 0;
		};
/* End PBXResourcesBuildPhase section */

/* Begin PBXSourcesBuildPhase section */
		11082C58270E7EC40099285E /* Sources */ = {
			isa = PBXSourcesBuildPhase;
			buildActionMask = 2147483647;
			files = (
				11082C62270E7EC40099285E /* ContentView.swift in Sources */,
				B748AA97274DAAB3003B76D2 /* CustomScrollView.swift in Sources */,
				B748AA73274D7BA1003B76D2 /* HomeView.swift in Sources */,
				B748AA8F274DA4BF003B76D2 /* KeyUtils.swift in Sources */,
				B748AAA3274DB29E003B76D2 /* Identity.swift in Sources */,
				AD256988273EF70F0065A85D /* SwiftUIView.swift in Sources */,
				114567A1274C6417008394EF /* PersistenceUtils.swift in Sources */,
				B748AAA6274DB29E003B76D2 /* Encrypted2.swift in Sources */,
				B748AA7E274D85B2003B76D2 /* MessageView.swift in Sources */,
				119C62452738D41000116A4F /* StorageV1.xcdatamodeld in Sources */,
				B748AAA7274DB29E003B76D2 /* Identity2.swift in Sources */,
				B748AAA4274DB29E003B76D2 /* Message2.swift in Sources */,
				114567A3274C6417008394EF /* StringUtils.swift in Sources */,
				114567A6274C6417008394EF /* URLUtils.swift in Sources */,
				ADC654A72741C69A00E11CB5 /* SplashView2.swift in Sources */,
				114567A5274C6417008394EF /* DataUtils.swift in Sources */,
				114567A4274C6417008394EF /* EnvironmentUtils.swift in Sources */,
				114567A2274C6417008394EF /* PersistenceError.swift in Sources */,
				119C624A2738D6A200116A4F /* ChatView.swift in Sources */,
				B748AA78274D83B7003B76D2 /* SettingsView.swift in Sources */,
				B77EBC8A273CB83400D059D3 /* SplashView.swift in Sources */,
				B748AAA5274DB29E003B76D2 /* Encrypteds.swift in Sources */,
				B748AAAB274DB2BD003B76D2 /* BTController2.swift in Sources */,
				B748AAB8274F3847003B76D2 /* Contact2.swift in Sources */,
				B748AAA8274DB29E003B76D2 /* Contacts.swift in Sources */,
				114567A0274C6417008394EF /* CollectionUtils.swift in Sources */,
				11082C60270E7EC40099285E /* StorageV1App.swift in Sources */,
				B748AA7B274D8439003B76D2 /* ContactsView.swift in Sources */,
			);
			runOnlyForDeploymentPostprocessing = 0;
		};
/* End PBXSourcesBuildPhase section */

/* Begin XCBuildConfiguration section */
		11082C6E270E7EC60099285E /* Debug */ = {
			isa = XCBuildConfiguration;
			buildSettings = {
				ALWAYS_SEARCH_USER_PATHS = NO;
				CLANG_ANALYZER_NONNULL = YES;
				CLANG_ANALYZER_NUMBER_OBJECT_CONVERSION = YES_AGGRESSIVE;
				CLANG_CXX_LANGUAGE_STANDARD = "gnu++14";
				CLANG_CXX_LIBRARY = "libc++";
				CLANG_ENABLE_MODULES = YES;
				CLANG_ENABLE_OBJC_ARC = YES;
				CLANG_ENABLE_OBJC_WEAK = YES;
				CLANG_WARN_BLOCK_CAPTURE_AUTORELEASING = YES;
				CLANG_WARN_BOOL_CONVERSION = YES;
				CLANG_WARN_COMMA = YES;
				CLANG_WARN_CONSTANT_CONVERSION = YES;
				CLANG_WARN_DEPRECATED_OBJC_IMPLEMENTATIONS = YES;
				CLANG_WARN_DIRECT_OBJC_ISA_USAGE = YES_ERROR;
				CLANG_WARN_DOCUMENTATION_COMMENTS = YES;
				CLANG_WARN_EMPTY_BODY = YES;
				CLANG_WARN_ENUM_CONVERSION = YES;
				CLANG_WARN_INFINITE_RECURSION = YES;
				CLANG_WARN_INT_CONVERSION = YES;
				CLANG_WARN_NON_LITERAL_NULL_CONVERSION = YES;
				CLANG_WARN_OBJC_IMPLICIT_RETAIN_SELF = YES;
				CLANG_WARN_OBJC_LITERAL_CONVERSION = YES;
				CLANG_WARN_OBJC_ROOT_CLASS = YES_ERROR;
				CLANG_WARN_QUOTED_INCLUDE_IN_FRAMEWORK_HEADER = YES;
				CLANG_WARN_RANGE_LOOP_ANALYSIS = YES;
				CLANG_WARN_STRICT_PROTOTYPES = YES;
				CLANG_WARN_SUSPICIOUS_MOVE = YES;
				CLANG_WARN_UNGUARDED_AVAILABILITY = YES_AGGRESSIVE;
				CLANG_WARN_UNREACHABLE_CODE = YES;
				CLANG_WARN__DUPLICATE_METHOD_MATCH = YES;
				COPY_PHASE_STRIP = NO;
				DEBUG_INFORMATION_FORMAT = dwarf;
				ENABLE_STRICT_OBJC_MSGSEND = YES;
				ENABLE_TESTABILITY = YES;
				GCC_C_LANGUAGE_STANDARD = gnu11;
				GCC_DYNAMIC_NO_PIC = NO;
				GCC_NO_COMMON_BLOCKS = YES;
				GCC_OPTIMIZATION_LEVEL = 0;
				GCC_PREPROCESSOR_DEFINITIONS = (
					"DEBUG=1",
					"$(inherited)",
				);
				GCC_WARN_64_TO_32_BIT_CONVERSION = YES;
				GCC_WARN_ABOUT_RETURN_TYPE = YES_ERROR;
				GCC_WARN_UNDECLARED_SELECTOR = YES;
				GCC_WARN_UNINITIALIZED_AUTOS = YES_AGGRESSIVE;
				GCC_WARN_UNUSED_FUNCTION = YES;
				GCC_WARN_UNUSED_VARIABLE = YES;
				IPHONEOS_DEPLOYMENT_TARGET = 14.8;
				MTL_ENABLE_DEBUG_INFO = INCLUDE_SOURCE;
				MTL_FAST_MATH = YES;
				ONLY_ACTIVE_ARCH = YES;
				SDKROOT = iphoneos;
				SWIFT_ACTIVE_COMPILATION_CONDITIONS = DEBUG;
				SWIFT_OPTIMIZATION_LEVEL = "-Onone";
			};
			name = Debug;
		};
		11082C6F270E7EC60099285E /* Release */ = {
			isa = XCBuildConfiguration;
			buildSettings = {
				ALWAYS_SEARCH_USER_PATHS = NO;
				CLANG_ANALYZER_NONNULL = YES;
				CLANG_ANALYZER_NUMBER_OBJECT_CONVERSION = YES_AGGRESSIVE;
				CLANG_CXX_LANGUAGE_STANDARD = "gnu++14";
				CLANG_CXX_LIBRARY = "libc++";
				CLANG_ENABLE_MODULES = YES;
				CLANG_ENABLE_OBJC_ARC = YES;
				CLANG_ENABLE_OBJC_WEAK = YES;
				CLANG_WARN_BLOCK_CAPTURE_AUTORELEASING = YES;
				CLANG_WARN_BOOL_CONVERSION = YES;
				CLANG_WARN_COMMA = YES;
				CLANG_WARN_CONSTANT_CONVERSION = YES;
				CLANG_WARN_DEPRECATED_OBJC_IMPLEMENTATIONS = YES;
				CLANG_WARN_DIRECT_OBJC_ISA_USAGE = YES_ERROR;
				CLANG_WARN_DOCUMENTATION_COMMENTS = YES;
				CLANG_WARN_EMPTY_BODY = YES;
				CLANG_WARN_ENUM_CONVERSION = YES;
				CLANG_WARN_INFINITE_RECURSION = YES;
				CLANG_WARN_INT_CONVERSION = YES;
				CLANG_WARN_NON_LITERAL_NULL_CONVERSION = YES;
				CLANG_WARN_OBJC_IMPLICIT_RETAIN_SELF = YES;
				CLANG_WARN_OBJC_LITERAL_CONVERSION = YES;
				CLANG_WARN_OBJC_ROOT_CLASS = YES_ERROR;
				CLANG_WARN_QUOTED_INCLUDE_IN_FRAMEWORK_HEADER = YES;
				CLANG_WARN_RANGE_LOOP_ANALYSIS = YES;
				CLANG_WARN_STRICT_PROTOTYPES = YES;
				CLANG_WARN_SUSPICIOUS_MOVE = YES;
				CLANG_WARN_UNGUARDED_AVAILABILITY = YES_AGGRESSIVE;
				CLANG_WARN_UNREACHABLE_CODE = YES;
				CLANG_WARN__DUPLICATE_METHOD_MATCH = YES;
				COPY_PHASE_STRIP = NO;
				DEBUG_INFORMATION_FORMAT = "dwarf-with-dsym";
				ENABLE_NS_ASSERTIONS = NO;
				ENABLE_STRICT_OBJC_MSGSEND = YES;
				GCC_C_LANGUAGE_STANDARD = gnu11;
				GCC_NO_COMMON_BLOCKS = YES;
				GCC_WARN_64_TO_32_BIT_CONVERSION = YES;
				GCC_WARN_ABOUT_RETURN_TYPE = YES_ERROR;
				GCC_WARN_UNDECLARED_SELECTOR = YES;
				GCC_WARN_UNINITIALIZED_AUTOS = YES_AGGRESSIVE;
				GCC_WARN_UNUSED_FUNCTION = YES;
				GCC_WARN_UNUSED_VARIABLE = YES;
				IPHONEOS_DEPLOYMENT_TARGET = 14.8;
				MTL_ENABLE_DEBUG_INFO = NO;
				MTL_FAST_MATH = YES;
				SDKROOT = iphoneos;
				SWIFT_COMPILATION_MODE = wholemodule;
				SWIFT_OPTIMIZATION_LEVEL = "-O";
				VALIDATE_PRODUCT = YES;
			};
			name = Release;
		};
		11082C71270E7EC60099285E /* Debug */ = {
			isa = XCBuildConfiguration;
			buildSettings = {
				ASSETCATALOG_COMPILER_APPICON_NAME = AppIcon;
				ASSETCATALOG_COMPILER_GLOBAL_ACCENT_COLOR_NAME = AccentColor;
				CODE_SIGN_STYLE = Automatic;
				DEVELOPMENT_ASSET_PATHS = "\"StorageV1/Preview Content\"";
				DEVELOPMENT_TEAM = 6YR78S9C9Q;
				ENABLE_PREVIEWS = YES;
				INFOPLIST_FILE = StorageV1/Info.plist;
				IPHONEOS_DEPLOYMENT_TARGET = 14.0;
				LD_RUNPATH_SEARCH_PATHS = (
					"$(inherited)",
					"@executable_path/Frameworks",
				);
				PRODUCT_BUNDLE_IDENTIFIER = com.pheme1;
				PRODUCT_NAME = "$(TARGET_NAME)";
				SWIFT_VERSION = 5.0;
				TARGETED_DEVICE_FAMILY = "1,2";
			};
			name = Debug;
		};
		11082C72270E7EC60099285E /* Release */ = {
			isa = XCBuildConfiguration;
			buildSettings = {
				ASSETCATALOG_COMPILER_APPICON_NAME = AppIcon;
				ASSETCATALOG_COMPILER_GLOBAL_ACCENT_COLOR_NAME = AccentColor;
				CODE_SIGN_STYLE = Automatic;
				DEVELOPMENT_ASSET_PATHS = "\"StorageV1/Preview Content\"";
				DEVELOPMENT_TEAM = 6YR78S9C9Q;
				ENABLE_PREVIEWS = YES;
				INFOPLIST_FILE = StorageV1/Info.plist;
				IPHONEOS_DEPLOYMENT_TARGET = 14.0;
				LD_RUNPATH_SEARCH_PATHS = (
					"$(inherited)",
					"@executable_path/Frameworks",
				);
				PRODUCT_BUNDLE_IDENTIFIER = com.pheme1;
				PRODUCT_NAME = "$(TARGET_NAME)";
				SWIFT_VERSION = 5.0;
				TARGETED_DEVICE_FAMILY = "1,2";
			};
			name = Release;
		};
/* End XCBuildConfiguration section */

/* Begin XCConfigurationList section */
		11082C57270E7EC40099285E /* Build configuration list for PBXProject "StorageV1" */ = {
			isa = XCConfigurationList;
			buildConfigurations = (
				11082C6E270E7EC60099285E /* Debug */,
				11082C6F270E7EC60099285E /* Release */,
			);
			defaultConfigurationIsVisible = 0;
			defaultConfigurationName = Release;
		};
		11082C70270E7EC60099285E /* Build configuration list for PBXNativeTarget "StorageV1" */ = {
			isa = XCConfigurationList;
			buildConfigurations = (
				11082C71270E7EC60099285E /* Debug */,
				11082C72270E7EC60099285E /* Release */,
			);
			defaultConfigurationIsVisible = 0;
			defaultConfigurationName = Release;
		};
/* End XCConfigurationList section */

/* Begin XCRemoteSwiftPackageReference section */
		114567A7274C646F008394EF /* XCRemoteSwiftPackageReference "swift-log" */ = {
			isa = XCRemoteSwiftPackageReference;
			repositoryURL = "https://github.com/apple/swift-log";
			requirement = {
				branch = main;
				kind = branch;
			};
		};
		AD256989273EF9E00065A85D /* XCRemoteSwiftPackageReference "CodeScanner" */ = {
			isa = XCRemoteSwiftPackageReference;
			repositoryURL = "https://github.com/twostraws/CodeScanner";
			requirement = {
				kind = upToNextMajorVersion;
				minimumVersion = 1.0.0;
			};
		};
/* End XCRemoteSwiftPackageReference section */

/* Begin XCSwiftPackageProductDependency section */
		114567A8274C646F008394EF /* Logging */ = {
			isa = XCSwiftPackageProductDependency;
			package = 114567A7274C646F008394EF /* XCRemoteSwiftPackageReference "swift-log" */;
			productName = Logging;
		};
		AD25698A273EF9E00065A85D /* CodeScanner */ = {
			isa = XCSwiftPackageProductDependency;
			package = AD256989273EF9E00065A85D /* XCRemoteSwiftPackageReference "CodeScanner" */;
			productName = CodeScanner;
		};
/* End XCSwiftPackageProductDependency section */

/* Begin XCVersionGroup section */
		11082C6A270E7EC60099285E /* StorageV1.xcdatamodeld */ = {
			isa = XCVersionGroup;
			children = (
				11082C6B270E7EC60099285E /* StorageV1.xcdatamodel */,
			);
			currentVersion = 11082C6B270E7EC60099285E /* StorageV1.xcdatamodel */;
			path = StorageV1.xcdatamodeld;
			sourceTree = "<group>";
			versionGroupType = wrapper.xcdatamodel;
		};
/* End XCVersionGroup section */
	};
	rootObject = 11082C54270E7EC40099285E /* Project object */;
}
