// !$*UTF8*$!
{
	archiveVersion = 1;
	classes = {
	};
	objectVersion = 52;
	objects = {

/* Begin PBXBuildFile section */
		114567A9274C646F008394EF /* Logging in Frameworks */ = {isa = PBXBuildFile; productRef = 114567A8274C646F008394EF /* Logging */; };
		AD25698B273EF9E00065A85D /* CodeScanner in Frameworks */ = {isa = PBXBuildFile; productRef = AD25698A273EF9E00065A85D /* CodeScanner */; };
		B721C010275C4AFC00860C42 /* Assets.xcassets in Resources */ = {isa = PBXBuildFile; fileRef = B721BFE7275C4AFB00860C42 /* Assets.xcassets */; };
		B721C011275C4AFC00860C42 /* BTController2.swift in Sources */ = {isa = PBXBuildFile; fileRef = B721BFE8275C4AFB00860C42 /* BTController2.swift */; };
		B721C012275C4AFC00860C42 /* KeyUtils.swift in Sources */ = {isa = PBXBuildFile; fileRef = B721BFEA275C4AFB00860C42 /* KeyUtils.swift */; };
		B721C013275C4AFC00860C42 /* StringUtils.swift in Sources */ = {isa = PBXBuildFile; fileRef = B721BFEB275C4AFB00860C42 /* StringUtils.swift */; };
		B721C014275C4AFC00860C42 /* CollectionUtils.swift in Sources */ = {isa = PBXBuildFile; fileRef = B721BFEC275C4AFB00860C42 /* CollectionUtils.swift */; };
		B721C015275C4AFC00860C42 /* PersistenceUtils.swift in Sources */ = {isa = PBXBuildFile; fileRef = B721BFED275C4AFB00860C42 /* PersistenceUtils.swift */; };
		B721C016275C4AFC00860C42 /* ImageUtil.swift in Sources */ = {isa = PBXBuildFile; fileRef = B721BFEE275C4AFB00860C42 /* ImageUtil.swift */; };
		B721C017275C4AFC00860C42 /* EnvironmentUtils.swift in Sources */ = {isa = PBXBuildFile; fileRef = B721BFEF275C4AFB00860C42 /* EnvironmentUtils.swift */; };
		B721C018275C4AFC00860C42 /* URLUtils.swift in Sources */ = {isa = PBXBuildFile; fileRef = B721BFF0275C4AFB00860C42 /* URLUtils.swift */; };
		B721C019275C4AFC00860C42 /* ImagePicker.swift in Sources */ = {isa = PBXBuildFile; fileRef = B721BFF1275C4AFB00860C42 /* ImagePicker.swift */; };
		B721C01A275C4AFC00860C42 /* PersistenceError.swift in Sources */ = {isa = PBXBuildFile; fileRef = B721BFF2275C4AFB00860C42 /* PersistenceError.swift */; };
		B721C01B275C4AFC00860C42 /* DataUtils.swift in Sources */ = {isa = PBXBuildFile; fileRef = B721BFF3275C4AFB00860C42 /* DataUtils.swift */; };
		B721C01C275C4AFC00860C42 /* Preview Assets.xcassets in Resources */ = {isa = PBXBuildFile; fileRef = B721BFF5275C4AFB00860C42 /* Preview Assets.xcassets */; };
		B721C01E275C4AFC00860C42 /* PhemeApp.swift in Sources */ = {isa = PBXBuildFile; fileRef = B721BFF8275C4AFB00860C42 /* PhemeApp.swift */; };
		B721C01F275C4AFC00860C42 /* Contact2.swift in Sources */ = {isa = PBXBuildFile; fileRef = B721BFFA275C4AFB00860C42 /* Contact2.swift */; };
		B721C020275C4AFC00860C42 /* Identity.swift in Sources */ = {isa = PBXBuildFile; fileRef = B721BFFB275C4AFB00860C42 /* Identity.swift */; };
		B721C021275C4AFC00860C42 /* Message2.swift in Sources */ = {isa = PBXBuildFile; fileRef = B721BFFC275C4AFB00860C42 /* Message2.swift */; };
		B721C022275C4AFC00860C42 /* Contacts.swift in Sources */ = {isa = PBXBuildFile; fileRef = B721BFFD275C4AFB00860C42 /* Contacts.swift */; };
		B721C023275C4AFC00860C42 /* Encrypteds.swift in Sources */ = {isa = PBXBuildFile; fileRef = B721BFFE275C4AFB00860C42 /* Encrypteds.swift */; };
		B721C024275C4AFC00860C42 /* Encrypted2.swift in Sources */ = {isa = PBXBuildFile; fileRef = B721BFFF275C4AFB00860C42 /* Encrypted2.swift */; };
		B721C025275C4AFC00860C42 /* Identity2.swift in Sources */ = {isa = PBXBuildFile; fileRef = B721C000275C4AFB00860C42 /* Identity2.swift */; };
		B721C026275C4AFC00860C42 /* ContactsView.swift in Sources */ = {isa = PBXBuildFile; fileRef = B721C002275C4AFB00860C42 /* ContactsView.swift */; };
		B721C027275C4AFC00860C42 /* SettingsView.swift in Sources */ = {isa = PBXBuildFile; fileRef = B721C003275C4AFB00860C42 /* SettingsView.swift */; };
		B721C028275C4AFC00860C42 /* HomeView.swift in Sources */ = {isa = PBXBuildFile; fileRef = B721C004275C4AFB00860C42 /* HomeView.swift */; };
		B721C029275C4AFC00860C42 /* SplashView2.swift in Sources */ = {isa = PBXBuildFile; fileRef = B721C005275C4AFB00860C42 /* SplashView2.swift */; };
		B721C02A275C4AFC00860C42 /* SplashView.swift in Sources */ = {isa = PBXBuildFile; fileRef = B721C006275C4AFB00860C42 /* SplashView.swift */; };
		B721C02B275C4AFC00860C42 /* CustomScrollView.swift in Sources */ = {isa = PBXBuildFile; fileRef = B721C007275C4AFB00860C42 /* CustomScrollView.swift */; };
		B721C02C275C4AFC00860C42 /* SwiftUIView.swift in Sources */ = {isa = PBXBuildFile; fileRef = B721C008275C4AFB00860C42 /* SwiftUIView.swift */; };
		B721C02D275C4AFC00860C42 /* ChatView.swift in Sources */ = {isa = PBXBuildFile; fileRef = B721C009275C4AFB00860C42 /* ChatView.swift */; };
		B721C02E275C4AFC00860C42 /* ContentView.swift in Sources */ = {isa = PBXBuildFile; fileRef = B721C00A275C4AFB00860C42 /* ContentView.swift */; };
		B721C02F275C4AFC00860C42 /* MessageView.swift in Sources */ = {isa = PBXBuildFile; fileRef = B721C00B275C4AFB00860C42 /* MessageView.swift */; };
/* End PBXBuildFile section */

/* Begin PBXFileReference section */
		11082C5C270E7EC40099285E /* Pheme.app */ = {isa = PBXFileReference; explicitFileType = wrapper.application; includeInIndex = 0; path = Pheme.app; sourceTree = BUILT_PRODUCTS_DIR; };
		B721BFE7275C4AFB00860C42 /* Assets.xcassets */ = {isa = PBXFileReference; lastKnownFileType = folder.assetcatalog; path = Assets.xcassets; sourceTree = "<group>"; };
		B721BFE8275C4AFB00860C42 /* BTController2.swift */ = {isa = PBXFileReference; fileEncoding = 4; lastKnownFileType = sourcecode.swift; path = BTController2.swift; sourceTree = "<group>"; };
		B721BFEA275C4AFB00860C42 /* KeyUtils.swift */ = {isa = PBXFileReference; fileEncoding = 4; lastKnownFileType = sourcecode.swift; path = KeyUtils.swift; sourceTree = "<group>"; };
		B721BFEB275C4AFB00860C42 /* StringUtils.swift */ = {isa = PBXFileReference; fileEncoding = 4; lastKnownFileType = sourcecode.swift; path = StringUtils.swift; sourceTree = "<group>"; };
		B721BFEC275C4AFB00860C42 /* CollectionUtils.swift */ = {isa = PBXFileReference; fileEncoding = 4; lastKnownFileType = sourcecode.swift; path = CollectionUtils.swift; sourceTree = "<group>"; };
		B721BFED275C4AFB00860C42 /* PersistenceUtils.swift */ = {isa = PBXFileReference; fileEncoding = 4; lastKnownFileType = sourcecode.swift; path = PersistenceUtils.swift; sourceTree = "<group>"; };
		B721BFEE275C4AFB00860C42 /* ImageUtil.swift */ = {isa = PBXFileReference; fileEncoding = 4; lastKnownFileType = sourcecode.swift; path = ImageUtil.swift; sourceTree = "<group>"; };
		B721BFEF275C4AFB00860C42 /* EnvironmentUtils.swift */ = {isa = PBXFileReference; fileEncoding = 4; lastKnownFileType = sourcecode.swift; path = EnvironmentUtils.swift; sourceTree = "<group>"; };
		B721BFF0275C4AFB00860C42 /* URLUtils.swift */ = {isa = PBXFileReference; fileEncoding = 4; lastKnownFileType = sourcecode.swift; path = URLUtils.swift; sourceTree = "<group>"; };
		B721BFF1275C4AFB00860C42 /* ImagePicker.swift */ = {isa = PBXFileReference; fileEncoding = 4; lastKnownFileType = sourcecode.swift; path = ImagePicker.swift; sourceTree = "<group>"; };
		B721BFF2275C4AFB00860C42 /* PersistenceError.swift */ = {isa = PBXFileReference; fileEncoding = 4; lastKnownFileType = sourcecode.swift; path = PersistenceError.swift; sourceTree = "<group>"; };
		B721BFF3275C4AFB00860C42 /* DataUtils.swift */ = {isa = PBXFileReference; fileEncoding = 4; lastKnownFileType = sourcecode.swift; path = DataUtils.swift; sourceTree = "<group>"; };
		B721BFF5275C4AFB00860C42 /* Preview Assets.xcassets */ = {isa = PBXFileReference; lastKnownFileType = folder.assetcatalog; path = "Preview Assets.xcassets"; sourceTree = "<group>"; };
		B721BFF8275C4AFB00860C42 /* PhemeApp.swift */ = {isa = PBXFileReference; fileEncoding = 4; lastKnownFileType = sourcecode.swift; path = PhemeApp.swift; sourceTree = "<group>"; };
		B721BFFA275C4AFB00860C42 /* Contact2.swift */ = {isa = PBXFileReference; fileEncoding = 4; lastKnownFileType = sourcecode.swift; path = Contact2.swift; sourceTree = "<group>"; };
		B721BFFB275C4AFB00860C42 /* Identity.swift */ = {isa = PBXFileReference; fileEncoding = 4; lastKnownFileType = sourcecode.swift; path = Identity.swift; sourceTree = "<group>"; };
		B721BFFC275C4AFB00860C42 /* Message2.swift */ = {isa = PBXFileReference; fileEncoding = 4; lastKnownFileType = sourcecode.swift; path = Message2.swift; sourceTree = "<group>"; };
		B721BFFD275C4AFB00860C42 /* Contacts.swift */ = {isa = PBXFileReference; fileEncoding = 4; lastKnownFileType = sourcecode.swift; path = Contacts.swift; sourceTree = "<group>"; };
		B721BFFE275C4AFB00860C42 /* Encrypteds.swift */ = {isa = PBXFileReference; fileEncoding = 4; lastKnownFileType = sourcecode.swift; path = Encrypteds.swift; sourceTree = "<group>"; };
		B721BFFF275C4AFB00860C42 /* Encrypted2.swift */ = {isa = PBXFileReference; fileEncoding = 4; lastKnownFileType = sourcecode.swift; path = Encrypted2.swift; sourceTree = "<group>"; };
		B721C000275C4AFB00860C42 /* Identity2.swift */ = {isa = PBXFileReference; fileEncoding = 4; lastKnownFileType = sourcecode.swift; path = Identity2.swift; sourceTree = "<group>"; };
		B721C002275C4AFB00860C42 /* ContactsView.swift */ = {isa = PBXFileReference; fileEncoding = 4; lastKnownFileType = sourcecode.swift; path = ContactsView.swift; sourceTree = "<group>"; };
		B721C003275C4AFB00860C42 /* SettingsView.swift */ = {isa = PBXFileReference; fileEncoding = 4; lastKnownFileType = sourcecode.swift; path = SettingsView.swift; sourceTree = "<group>"; };
		B721C004275C4AFB00860C42 /* HomeView.swift */ = {isa = PBXFileReference; fileEncoding = 4; lastKnownFileType = sourcecode.swift; path = HomeView.swift; sourceTree = "<group>"; };
		B721C005275C4AFB00860C42 /* SplashView2.swift */ = {isa = PBXFileReference; fileEncoding = 4; lastKnownFileType = sourcecode.swift; path = SplashView2.swift; sourceTree = "<group>"; };
		B721C006275C4AFB00860C42 /* SplashView.swift */ = {isa = PBXFileReference; fileEncoding = 4; lastKnownFileType = sourcecode.swift; path = SplashView.swift; sourceTree = "<group>"; };
		B721C007275C4AFB00860C42 /* CustomScrollView.swift */ = {isa = PBXFileReference; fileEncoding = 4; lastKnownFileType = sourcecode.swift; path = CustomScrollView.swift; sourceTree = "<group>"; };
		B721C008275C4AFB00860C42 /* SwiftUIView.swift */ = {isa = PBXFileReference; fileEncoding = 4; lastKnownFileType = sourcecode.swift; path = SwiftUIView.swift; sourceTree = "<group>"; };
		B721C009275C4AFB00860C42 /* ChatView.swift */ = {isa = PBXFileReference; fileEncoding = 4; lastKnownFileType = sourcecode.swift; path = ChatView.swift; sourceTree = "<group>"; };
		B721C00A275C4AFB00860C42 /* ContentView.swift */ = {isa = PBXFileReference; fileEncoding = 4; lastKnownFileType = sourcecode.swift; path = ContentView.swift; sourceTree = "<group>"; };
		B721C00B275C4AFB00860C42 /* MessageView.swift */ = {isa = PBXFileReference; fileEncoding = 4; lastKnownFileType = sourcecode.swift; path = MessageView.swift; sourceTree = "<group>"; };
		B721C00C275C4AFB00860C42 /* Info.plist */ = {isa = PBXFileReference; fileEncoding = 4; lastKnownFileType = text.plist.xml; path = Info.plist; sourceTree = "<group>"; };
/* End PBXFileReference section */

/* Begin PBXFrameworksBuildPhase section */
		11082C59270E7EC40099285E /* Frameworks */ = {
			isa = PBXFrameworksBuildPhase;
			buildActionMask = 2147483647;
			files = (
				114567A9274C646F008394EF /* Logging in Frameworks */,
				AD25698B273EF9E00065A85D /* CodeScanner in Frameworks */,
			);
			runOnlyForDeploymentPostprocessing = 0;
		};
/* End PBXFrameworksBuildPhase section */

/* Begin PBXGroup section */
		11082C53270E7EC40099285E = {
			isa = PBXGroup;
			children = (
				B721BFE3275C4AFB00860C42 /* Pheme */,
				11082C5D270E7EC40099285E /* Products */,
			);
			sourceTree = "<group>";
		};
		11082C5D270E7EC40099285E /* Products */ = {
			isa = PBXGroup;
			children = (
				11082C5C270E7EC40099285E /* Pheme.app */,
			);
			name = Products;
			sourceTree = "<group>";
		};
		B721BFE3275C4AFB00860C42 /* Pheme */ = {
			isa = PBXGroup;
			children = (
				B721BFF8275C4AFB00860C42 /* PhemeApp.swift */,
				B721BFE7275C4AFB00860C42 /* Assets.xcassets */,
				B721BFE8275C4AFB00860C42 /* BTController2.swift */,
				B721BFE9275C4AFB00860C42 /* utils */,
				B721BFF4275C4AFB00860C42 /* Preview Content */,
				B721BFF9275C4AFB00860C42 /* data */,
				B721C001275C4AFB00860C42 /* Views */,
				B721C00C275C4AFB00860C42 /* Info.plist */,
			);
			path = Pheme;
			sourceTree = "<group>";
		};
		B721BFE9275C4AFB00860C42 /* utils */ = {
			isa = PBXGroup;
			children = (
				B721BFEA275C4AFB00860C42 /* KeyUtils.swift */,
				B721BFEB275C4AFB00860C42 /* StringUtils.swift */,
				B721BFEC275C4AFB00860C42 /* CollectionUtils.swift */,
				B721BFED275C4AFB00860C42 /* PersistenceUtils.swift */,
				B721BFEE275C4AFB00860C42 /* ImageUtil.swift */,
				B721BFEF275C4AFB00860C42 /* EnvironmentUtils.swift */,
				B721BFF0275C4AFB00860C42 /* URLUtils.swift */,
				B721BFF1275C4AFB00860C42 /* ImagePicker.swift */,
				B721BFF2275C4AFB00860C42 /* PersistenceError.swift */,
				B721BFF3275C4AFB00860C42 /* DataUtils.swift */,
			);
			path = utils;
			sourceTree = "<group>";
		};
		B721BFF4275C4AFB00860C42 /* Preview Content */ = {
			isa = PBXGroup;
			children = (
				B721BFF5275C4AFB00860C42 /* Preview Assets.xcassets */,
			);
			path = "Preview Content";
			sourceTree = "<group>";
		};
		B721BFF9275C4AFB00860C42 /* data */ = {
			isa = PBXGroup;
			children = (
				B721BFFA275C4AFB00860C42 /* Contact2.swift */,
				B721BFFB275C4AFB00860C42 /* Identity.swift */,
				B721BFFC275C4AFB00860C42 /* Message2.swift */,
				B721BFFD275C4AFB00860C42 /* Contacts.swift */,
				B721BFFE275C4AFB00860C42 /* Encrypteds.swift */,
				B721BFFF275C4AFB00860C42 /* Encrypted2.swift */,
				B721C000275C4AFB00860C42 /* Identity2.swift */,
			);
			path = data;
			sourceTree = "<group>";
		};
		B721C001275C4AFB00860C42 /* Views */ = {
			isa = PBXGroup;
			children = (
				B721C002275C4AFB00860C42 /* ContactsView.swift */,
				B721C003275C4AFB00860C42 /* SettingsView.swift */,
				B721C004275C4AFB00860C42 /* HomeView.swift */,
				B721C005275C4AFB00860C42 /* SplashView2.swift */,
				B721C006275C4AFB00860C42 /* SplashView.swift */,
				B721C007275C4AFB00860C42 /* CustomScrollView.swift */,
				B721C008275C4AFB00860C42 /* SwiftUIView.swift */,
				B721C009275C4AFB00860C42 /* ChatView.swift */,
				B721C00A275C4AFB00860C42 /* ContentView.swift */,
				B721C00B275C4AFB00860C42 /* MessageView.swift */,
			);
			path = Views;
			sourceTree = "<group>";
		};
/* End PBXGroup section */

/* Begin PBXNativeTarget section */
		11082C5B270E7EC40099285E /* Pheme */ = {
			isa = PBXNativeTarget;
			buildConfigurationList = 11082C70270E7EC60099285E /* Build configuration list for PBXNativeTarget "Pheme" */;
			buildPhases = (
				11082C58270E7EC40099285E /* Sources */,
				11082C59270E7EC40099285E /* Frameworks */,
				11082C5A270E7EC40099285E /* Resources */,
			);
			buildRules = (
			);
			dependencies = (
			);
			name = Pheme;
			packageProductDependencies = (
				AD25698A273EF9E00065A85D /* CodeScanner */,
				114567A8274C646F008394EF /* Logging */,
			);
			productName = StorageV1;
			productReference = 11082C5C270E7EC40099285E /* Pheme.app */;
			productType = "com.apple.product-type.application";
		};
/* End PBXNativeTarget section */

/* Begin PBXProject section */
		11082C54270E7EC40099285E /* Project object */ = {
			isa = PBXProject;
			attributes = {
				LastSwiftUpdateCheck = 1250;
				LastUpgradeCheck = 1250;
				TargetAttributes = {
					11082C5B270E7EC40099285E = {
						CreatedOnToolsVersion = 12.5.1;
					};
				};
			};
			buildConfigurationList = 11082C57270E7EC40099285E /* Build configuration list for PBXProject "Pheme" */;
			compatibilityVersion = "Xcode 9.3";
			developmentRegion = en;
			hasScannedForEncodings = 0;
			knownRegions = (
				en,
				Base,
			);
			mainGroup = 11082C53270E7EC40099285E;
			packageReferences = (
				AD256989273EF9E00065A85D /* XCRemoteSwiftPackageReference "CodeScanner" */,
				114567A7274C646F008394EF /* XCRemoteSwiftPackageReference "swift-log" */,
			);
			productRefGroup = 11082C5D270E7EC40099285E /* Products */;
			projectDirPath = "";
			projectRoot = "";
			targets = (
				11082C5B270E7EC40099285E /* Pheme */,
			);
		};
/* End PBXProject section */

/* Begin PBXResourcesBuildPhase section */
		11082C5A270E7EC40099285E /* Resources */ = {
			isa = PBXResourcesBuildPhase;
			buildActionMask = 2147483647;
			files = (
				B721C01C275C4AFC00860C42 /* Preview Assets.xcassets in Resources */,
				B721C010275C4AFC00860C42 /* Assets.xcassets in Resources */,
			);
			runOnlyForDeploymentPostprocessing = 0;
		};
/* End PBXResourcesBuildPhase section */

/* Begin PBXSourcesBuildPhase section */
		11082C58270E7EC40099285E /* Sources */ = {
			isa = PBXSourcesBuildPhase;
			buildActionMask = 2147483647;
			files = (
				B721C01E275C4AFC00860C42 /* PhemeApp.swift in Sources */,
				B721C023275C4AFC00860C42 /* Encrypteds.swift in Sources */,
				B721C014275C4AFC00860C42 /* CollectionUtils.swift in Sources */,
				B721C029275C4AFC00860C42 /* SplashView2.swift in Sources */,
				B721C011275C4AFC00860C42 /* BTController2.swift in Sources */,
				B721C026275C4AFC00860C42 /* ContactsView.swift in Sources */,
				B721C02C275C4AFC00860C42 /* SwiftUIView.swift in Sources */,
				B721C018275C4AFC00860C42 /* URLUtils.swift in Sources */,
				B721C013275C4AFC00860C42 /* StringUtils.swift in Sources */,
				B721C016275C4AFC00860C42 /* ImageUtil.swift in Sources */,
				B721C022275C4AFC00860C42 /* Contacts.swift in Sources */,
				B721C02F275C4AFC00860C42 /* MessageView.swift in Sources */,
				B721C01B275C4AFC00860C42 /* DataUtils.swift in Sources */,
				B721C01F275C4AFC00860C42 /* Contact2.swift in Sources */,
				B721C027275C4AFC00860C42 /* SettingsView.swift in Sources */,
				B721C012275C4AFC00860C42 /* KeyUtils.swift in Sources */,
				B721C01A275C4AFC00860C42 /* PersistenceError.swift in Sources */,
				B721C025275C4AFC00860C42 /* Identity2.swift in Sources */,
				B721C019275C4AFC00860C42 /* ImagePicker.swift in Sources */,
				B721C017275C4AFC00860C42 /* EnvironmentUtils.swift in Sources */,
				B721C02A275C4AFC00860C42 /* SplashView.swift in Sources */,
				B721C02E275C4AFC00860C42 /* ContentView.swift in Sources */,
				B721C021275C4AFC00860C42 /* Message2.swift in Sources */,
				B721C028275C4AFC00860C42 /* HomeView.swift in Sources */,
				B721C02B275C4AFC00860C42 /* CustomScrollView.swift in Sources */,
				B721C015275C4AFC00860C42 /* PersistenceUtils.swift in Sources */,
				B721C02D275C4AFC00860C42 /* ChatView.swift in Sources */,
				B721C020275C4AFC00860C42 /* Identity.swift in Sources */,
				B721C024275C4AFC00860C42 /* Encrypted2.swift in Sources */,
			);
			runOnlyForDeploymentPostprocessing = 0;
		};
/* End PBXSourcesBuildPhase section */

/* Begin XCBuildConfiguration section */
		11082C6E270E7EC60099285E /* Debug */ = {
			isa = XCBuildConfiguration;
			buildSettings = {
				ALWAYS_SEARCH_USER_PATHS = NO;
				CLANG_ANALYZER_NONNULL = YES;
				CLANG_ANALYZER_NUMBER_OBJECT_CONVERSION = YES_AGGRESSIVE;
				CLANG_CXX_LANGUAGE_STANDARD = "gnu++14";
				CLANG_CXX_LIBRARY = "libc++";
				CLANG_ENABLE_MODULES = YES;
				CLANG_ENABLE_OBJC_ARC = YES;
				CLANG_ENABLE_OBJC_WEAK = YES;
				CLANG_WARN_BLOCK_CAPTURE_AUTORELEASING = YES;
				CLANG_WARN_BOOL_CONVERSION = YES;
				CLANG_WARN_COMMA = YES;
				CLANG_WARN_CONSTANT_CONVERSION = YES;
				CLANG_WARN_DEPRECATED_OBJC_IMPLEMENTATIONS = YES;
				CLANG_WARN_DIRECT_OBJC_ISA_USAGE = YES_ERROR;
				CLANG_WARN_DOCUMENTATION_COMMENTS = YES;
				CLANG_WARN_EMPTY_BODY = YES;
				CLANG_WARN_ENUM_CONVERSION = YES;
				CLANG_WARN_INFINITE_RECURSION = YES;
				CLANG_WARN_INT_CONVERSION = YES;
				CLANG_WARN_NON_LITERAL_NULL_CONVERSION = YES;
				CLANG_WARN_OBJC_IMPLICIT_RETAIN_SELF = YES;
				CLANG_WARN_OBJC_LITERAL_CONVERSION = YES;
				CLANG_WARN_OBJC_ROOT_CLASS = YES_ERROR;
				CLANG_WARN_QUOTED_INCLUDE_IN_FRAMEWORK_HEADER = YES;
				CLANG_WARN_RANGE_LOOP_ANALYSIS = YES;
				CLANG_WARN_STRICT_PROTOTYPES = YES;
				CLANG_WARN_SUSPICIOUS_MOVE = YES;
				CLANG_WARN_UNGUARDED_AVAILABILITY = YES_AGGRESSIVE;
				CLANG_WARN_UNREACHABLE_CODE = YES;
				CLANG_WARN__DUPLICATE_METHOD_MATCH = YES;
				COPY_PHASE_STRIP = NO;
				DEBUG_INFORMATION_FORMAT = dwarf;
				ENABLE_STRICT_OBJC_MSGSEND = YES;
				ENABLE_TESTABILITY = YES;
				GCC_C_LANGUAGE_STANDARD = gnu11;
				GCC_DYNAMIC_NO_PIC = NO;
				GCC_NO_COMMON_BLOCKS = YES;
				GCC_OPTIMIZATION_LEVEL = 0;
				GCC_PREPROCESSOR_DEFINITIONS = (
					"DEBUG=1",
					"$(inherited)",
				);
				GCC_WARN_64_TO_32_BIT_CONVERSION = YES;
				GCC_WARN_ABOUT_RETURN_TYPE = YES_ERROR;
				GCC_WARN_UNDECLARED_SELECTOR = YES;
				GCC_WARN_UNINITIALIZED_AUTOS = YES_AGGRESSIVE;
				GCC_WARN_UNUSED_FUNCTION = YES;
				GCC_WARN_UNUSED_VARIABLE = YES;
				INFOPLIST_FILE = Pheme/Info.plist;
				IPHONEOS_DEPLOYMENT_TARGET = 14.8;
				MTL_ENABLE_DEBUG_INFO = INCLUDE_SOURCE;
				MTL_FAST_MATH = YES;
				ONLY_ACTIVE_ARCH = YES;
				SDKROOT = iphoneos;
				SWIFT_ACTIVE_COMPILATION_CONDITIONS = DEBUG;
				SWIFT_OPTIMIZATION_LEVEL = "-Onone";
			};
			name = Debug;
		};
		11082C6F270E7EC60099285E /* Release */ = {
			isa = XCBuildConfiguration;
			buildSettings = {
				ALWAYS_SEARCH_USER_PATHS = NO;
				CLANG_ANALYZER_NONNULL = YES;
				CLANG_ANALYZER_NUMBER_OBJECT_CONVERSION = YES_AGGRESSIVE;
				CLANG_CXX_LANGUAGE_STANDARD = "gnu++14";
				CLANG_CXX_LIBRARY = "libc++";
				CLANG_ENABLE_MODULES = YES;
				CLANG_ENABLE_OBJC_ARC = YES;
				CLANG_ENABLE_OBJC_WEAK = YES;
				CLANG_WARN_BLOCK_CAPTURE_AUTORELEASING = YES;
				CLANG_WARN_BOOL_CONVERSION = YES;
				CLANG_WARN_COMMA = YES;
				CLANG_WARN_CONSTANT_CONVERSION = YES;
				CLANG_WARN_DEPRECATED_OBJC_IMPLEMENTATIONS = YES;
				CLANG_WARN_DIRECT_OBJC_ISA_USAGE = YES_ERROR;
				CLANG_WARN_DOCUMENTATION_COMMENTS = YES;
				CLANG_WARN_EMPTY_BODY = YES;
				CLANG_WARN_ENUM_CONVERSION = YES;
				CLANG_WARN_INFINITE_RECURSION = YES;
				CLANG_WARN_INT_CONVERSION = YES;
				CLANG_WARN_NON_LITERAL_NULL_CONVERSION = YES;
				CLANG_WARN_OBJC_IMPLICIT_RETAIN_SELF = YES;
				CLANG_WARN_OBJC_LITERAL_CONVERSION = YES;
				CLANG_WARN_OBJC_ROOT_CLASS = YES_ERROR;
				CLANG_WARN_QUOTED_INCLUDE_IN_FRAMEWORK_HEADER = YES;
				CLANG_WARN_RANGE_LOOP_ANALYSIS = YES;
				CLANG_WARN_STRICT_PROTOTYPES = YES;
				CLANG_WARN_SUSPICIOUS_MOVE = YES;
				CLANG_WARN_UNGUARDED_AVAILABILITY = YES_AGGRESSIVE;
				CLANG_WARN_UNREACHABLE_CODE = YES;
				CLANG_WARN__DUPLICATE_METHOD_MATCH = YES;
				COPY_PHASE_STRIP = NO;
				DEBUG_INFORMATION_FORMAT = "dwarf-with-dsym";
				ENABLE_NS_ASSERTIONS = NO;
				ENABLE_STRICT_OBJC_MSGSEND = YES;
				GCC_C_LANGUAGE_STANDARD = gnu11;
				GCC_NO_COMMON_BLOCKS = YES;
				GCC_WARN_64_TO_32_BIT_CONVERSION = YES;
				GCC_WARN_ABOUT_RETURN_TYPE = YES_ERROR;
				GCC_WARN_UNDECLARED_SELECTOR = YES;
				GCC_WARN_UNINITIALIZED_AUTOS = YES_AGGRESSIVE;
				GCC_WARN_UNUSED_FUNCTION = YES;
				GCC_WARN_UNUSED_VARIABLE = YES;
				INFOPLIST_FILE = Pheme/Info.plist;
				IPHONEOS_DEPLOYMENT_TARGET = 14.8;
				MTL_ENABLE_DEBUG_INFO = NO;
				MTL_FAST_MATH = YES;
				SDKROOT = iphoneos;
				SWIFT_COMPILATION_MODE = wholemodule;
				SWIFT_OPTIMIZATION_LEVEL = "-O";
				VALIDATE_PRODUCT = YES;
			};
			name = Release;
		};
		11082C71270E7EC60099285E /* Debug */ = {
			isa = XCBuildConfiguration;
			buildSettings = {
				ASSETCATALOG_COMPILER_APPICON_NAME = AppIcon;
				ASSETCATALOG_COMPILER_GLOBAL_ACCENT_COLOR_NAME = AccentColor;
				CODE_SIGN_STYLE = Automatic;
				DEVELOPMENT_ASSET_PATHS = "\"Pheme/Preview Content\"";
				DEVELOPMENT_TEAM = 6YR78S9C9Q;
				ENABLE_PREVIEWS = YES;
				INFOPLIST_FILE = "$(SRCROOT)/Pheme/Info.plist";
				IPHONEOS_DEPLOYMENT_TARGET = 14.0;
				LD_RUNPATH_SEARCH_PATHS = (
					"$(inherited)",
					"@executable_path/Frameworks",
				);
				PRODUCT_BUNDLE_IDENTIFIER = com.pheme2;
				PRODUCT_NAME = "$(TARGET_NAME)";
				SWIFT_VERSION = 5.0;
				TARGETED_DEVICE_FAMILY = "1,2";
			};
			name = Debug;
		};
		11082C72270E7EC60099285E /* Release */ = {
			isa = XCBuildConfiguration;
			buildSettings = {
				ASSETCATALOG_COMPILER_APPICON_NAME = AppIcon;
				ASSETCATALOG_COMPILER_GLOBAL_ACCENT_COLOR_NAME = AccentColor;
				CODE_SIGN_STYLE = Automatic;
				DEVELOPMENT_ASSET_PATHS = "\"Pheme/Preview Content\"";
				DEVELOPMENT_TEAM = 6YR78S9C9Q;
				ENABLE_PREVIEWS = YES;
				INFOPLIST_FILE = "$(SRCROOT)/Pheme/Info.plist";
				IPHONEOS_DEPLOYMENT_TARGET = 14.0;
				LD_RUNPATH_SEARCH_PATHS = (
					"$(inherited)",
					"@executable_path/Frameworks",
				);
				PRODUCT_BUNDLE_IDENTIFIER = com.pheme2;
				PRODUCT_NAME = "$(TARGET_NAME)";
				SWIFT_VERSION = 5.0;
				TARGETED_DEVICE_FAMILY = "1,2";
			};
			name = Release;
		};
/* End XCBuildConfiguration section */

/* Begin XCConfigurationList section */
		11082C57270E7EC40099285E /* Build configuration list for PBXProject "Pheme" */ = {
			isa = XCConfigurationList;
			buildConfigurations = (
				11082C6E270E7EC60099285E /* Debug */,
				11082C6F270E7EC60099285E /* Release */,
			);
			defaultConfigurationIsVisible = 0;
			defaultConfigurationName = Release;
		};
		11082C70270E7EC60099285E /* Build configuration list for PBXNativeTarget "Pheme" */ = {
			isa = XCConfigurationList;
			buildConfigurations = (
				11082C71270E7EC60099285E /* Debug */,
				11082C72270E7EC60099285E /* Release */,
			);
			defaultConfigurationIsVisible = 0;
			defaultConfigurationName = Release;
		};
/* End XCConfigurationList section */

/* Begin XCRemoteSwiftPackageReference section */
		114567A7274C646F008394EF /* XCRemoteSwiftPackageReference "swift-log" */ = {
			isa = XCRemoteSwiftPackageReference;
			repositoryURL = "https://github.com/apple/swift-log";
			requirement = {
				branch = main;
				kind = branch;
			};
		};
		AD256989273EF9E00065A85D /* XCRemoteSwiftPackageReference "CodeScanner" */ = {
			isa = XCRemoteSwiftPackageReference;
			repositoryURL = "https://github.com/twostraws/CodeScanner";
			requirement = {
				kind = upToNextMajorVersion;
				minimumVersion = 1.0.0;
			};
		};
/* End XCRemoteSwiftPackageReference section */

/* Begin XCSwiftPackageProductDependency section */
		114567A8274C646F008394EF /* Logging */ = {
			isa = XCSwiftPackageProductDependency;
			package = 114567A7274C646F008394EF /* XCRemoteSwiftPackageReference "swift-log" */;
			productName = Logging;
		};
		AD25698A273EF9E00065A85D /* CodeScanner */ = {
			isa = XCSwiftPackageProductDependency;
			package = AD256989273EF9E00065A85D /* XCRemoteSwiftPackageReference "CodeScanner" */;
			productName = CodeScanner;
		};
/* End XCSwiftPackageProductDependency section */
	};
	rootObject = 11082C54270E7EC40099285E /* Project object */;
}
