// !$*UTF8*$!
{
	archiveVersion = 1;
	classes = {
	};
	objectVersion = 50;
	objects = {

/* Begin PBXBuildFile section */
		1167C81C2704EDDA0032B9DA /* AppDelegate.swift in Sources */ = {isa = PBXBuildFile; fileRef = 1167C81B2704EDDA0032B9DA /* AppDelegate.swift */; };
		1167C81E2704EDDA0032B9DA /* SceneDelegate.swift in Sources */ = {isa = PBXBuildFile; fileRef = 1167C81D2704EDDA0032B9DA /* SceneDelegate.swift */; };
		1167C8202704EDDA0032B9DA /* ViewController.swift in Sources */ = {isa = PBXBuildFile; fileRef = 1167C81F2704EDDA0032B9DA /* ViewController.swift */; };
		1167C8232704EDDA0032B9DA /* Main.storyboard in Resources */ = {isa = PBXBuildFile; fileRef = 1167C8212704EDDA0032B9DA /* Main.storyboard */; };
		1167C8262704EDDA0032B9DA /* StorageV0.xcdatamodeld in Sources */ = {isa = PBXBuildFile; fileRef = 1167C8242704EDDA0032B9DA /* StorageV0.xcdatamodeld */; };
		1167C8282704EDDB0032B9DA /* Assets.xcassets in Resources */ = {isa = PBXBuildFile; fileRef = 1167C8272704EDDB0032B9DA /* Assets.xcassets */; };
		1167C82B2704EDDB0032B9DA /* LaunchScreen.storyboard in Resources */ = {isa = PBXBuildFile; fileRef = 1167C8292704EDDB0032B9DA /* LaunchScreen.storyboard */; };
		117ECA962705166D00670B05 /* BdfList+CoreDataClass.swift in Sources */ = {isa = PBXBuildFile; fileRef = 117ECA882705166D00670B05 /* BdfList+CoreDataClass.swift */; };
		117ECA972705166D00670B05 /* BdfList+CoreDataProperties.swift in Sources */ = {isa = PBXBuildFile; fileRef = 117ECA892705166D00670B05 /* BdfList+CoreDataProperties.swift */; };
		117ECA982705166D00670B05 /* Bytes+CoreDataClass.swift in Sources */ = {isa = PBXBuildFile; fileRef = 117ECA8A2705166D00670B05 /* Bytes+CoreDataClass.swift */; };
		117ECA992705166D00670B05 /* Bytes+CoreDataProperties.swift in Sources */ = {isa = PBXBuildFile; fileRef = 117ECA8B2705166D00670B05 /* Bytes+CoreDataProperties.swift */; };
		117ECA9C2705166D00670B05 /* Bdf+CoreDataClass.swift in Sources */ = {isa = PBXBuildFile; fileRef = 117ECA8E2705166D00670B05 /* Bdf+CoreDataClass.swift */; };
		117ECA9D2705166D00670B05 /* Bdf+CoreDataProperties.swift in Sources */ = {isa = PBXBuildFile; fileRef = 117ECA8F2705166D00670B05 /* Bdf+CoreDataProperties.swift */; };
		117ECA9E2705166D00670B05 /* Key+CoreDataClass.swift in Sources */ = {isa = PBXBuildFile; fileRef = 117ECA902705166D00670B05 /* Key+CoreDataClass.swift */; };
		117ECA9F2705166D00670B05 /* Key+CoreDataProperties.swift in Sources */ = {isa = PBXBuildFile; fileRef = 117ECA912705166D00670B05 /* Key+CoreDataProperties.swift */; };
		117ECAA827051C9700670B05 /* NaiveMessage+CoreDataClass.swift in Sources */ = {isa = PBXBuildFile; fileRef = 117ECAA427051C9700670B05 /* NaiveMessage+CoreDataClass.swift */; };
		117ECAA927051C9700670B05 /* NaiveMessage+CoreDataProperties.swift in Sources */ = {isa = PBXBuildFile; fileRef = 117ECAA527051C9700670B05 /* NaiveMessage+CoreDataProperties.swift */; };
		117ECAAA27051C9700670B05 /* Identity+CoreDataClass.swift in Sources */ = {isa = PBXBuildFile; fileRef = 117ECAA627051C9700670B05 /* Identity+CoreDataClass.swift */; };
		117ECAAB27051C9700670B05 /* Identity+CoreDataProperties.swift in Sources */ = {isa = PBXBuildFile; fileRef = 117ECAA727051C9700670B05 /* Identity+CoreDataProperties.swift */; };
/* End PBXBuildFile section */

/* Begin PBXFileReference section */
		1167C8182704EDDA0032B9DA /* StorageV0.app */ = {isa = PBXFileReference; explicitFileType = wrapper.application; includeInIndex = 0; path = StorageV0.app; sourceTree = BUILT_PRODUCTS_DIR; };
		1167C81B2704EDDA0032B9DA /* AppDelegate.swift */ = {isa = PBXFileReference; lastKnownFileType = sourcecode.swift; path = AppDelegate.swift; sourceTree = "<group>"; };
		1167C81D2704EDDA0032B9DA /* SceneDelegate.swift */ = {isa = PBXFileReference; lastKnownFileType = sourcecode.swift; path = SceneDelegate.swift; sourceTree = "<group>"; };
		1167C81F2704EDDA0032B9DA /* ViewController.swift */ = {isa = PBXFileReference; lastKnownFileType = sourcecode.swift; path = ViewController.swift; sourceTree = "<group>"; };
		1167C8222704EDDA0032B9DA /* Base */ = {isa = PBXFileReference; lastKnownFileType = file.storyboard; name = Base; path = Base.lproj/Main.storyboard; sourceTree = "<group>"; };
		1167C8252704EDDA0032B9DA /* StorageV0.xcdatamodel */ = {isa = PBXFileReference; lastKnownFileType = wrapper.xcdatamodel; path = StorageV0.xcdatamodel; sourceTree = "<group>"; };
		1167C8272704EDDB0032B9DA /* Assets.xcassets */ = {isa = PBXFileReference; lastKnownFileType = folder.assetcatalog; path = Assets.xcassets; sourceTree = "<group>"; };
		1167C82A2704EDDB0032B9DA /* Base */ = {isa = PBXFileReference; lastKnownFileType = file.storyboard; name = Base; path = Base.lproj/LaunchScreen.storyboard; sourceTree = "<group>"; };
		1167C82C2704EDDB0032B9DA /* Info.plist */ = {isa = PBXFileReference; lastKnownFileType = text.plist.xml; path = Info.plist; sourceTree = "<group>"; };
		117ECA882705166D00670B05 /* BdfList+CoreDataClass.swift */ = {isa = PBXFileReference; lastKnownFileType = sourcecode.swift; path = "BdfList+CoreDataClass.swift"; sourceTree = "<group>"; };
		117ECA892705166D00670B05 /* BdfList+CoreDataProperties.swift */ = {isa = PBXFileReference; lastKnownFileType = sourcecode.swift; path = "BdfList+CoreDataProperties.swift"; sourceTree = "<group>"; };
		117ECA8A2705166D00670B05 /* Bytes+CoreDataClass.swift */ = {isa = PBXFileReference; lastKnownFileType = sourcecode.swift; path = "Bytes+CoreDataClass.swift"; sourceTree = "<group>"; };
		117ECA8B2705166D00670B05 /* Bytes+CoreDataProperties.swift */ = {isa = PBXFileReference; lastKnownFileType = sourcecode.swift; path = "Bytes+CoreDataProperties.swift"; sourceTree = "<group>"; };
		117ECA8E2705166D00670B05 /* Bdf+CoreDataClass.swift */ = {isa = PBXFileReference; lastKnownFileType = sourcecode.swift; path = "Bdf+CoreDataClass.swift"; sourceTree = "<group>"; };
		117ECA8F2705166D00670B05 /* Bdf+CoreDataProperties.swift */ = {isa = PBXFileReference; lastKnownFileType = sourcecode.swift; path = "Bdf+CoreDataProperties.swift"; sourceTree = "<group>"; };
		117ECA902705166D00670B05 /* Key+CoreDataClass.swift */ = {isa = PBXFileReference; lastKnownFileType = sourcecode.swift; path = "Key+CoreDataClass.swift"; sourceTree = "<group>"; };
		117ECA912705166D00670B05 /* Key+CoreDataProperties.swift */ = {isa = PBXFileReference; lastKnownFileType = sourcecode.swift; path = "Key+CoreDataProperties.swift"; sourceTree = "<group>"; };
		117ECAA427051C9700670B05 /* NaiveMessage+CoreDataClass.swift */ = {isa = PBXFileReference; lastKnownFileType = sourcecode.swift; path = "NaiveMessage+CoreDataClass.swift"; sourceTree = "<group>"; };
		117ECAA527051C9700670B05 /* NaiveMessage+CoreDataProperties.swift */ = {isa = PBXFileReference; lastKnownFileType = sourcecode.swift; path = "NaiveMessage+CoreDataProperties.swift"; sourceTree = "<group>"; };
		117ECAA627051C9700670B05 /* Identity+CoreDataClass.swift */ = {isa = PBXFileReference; lastKnownFileType = sourcecode.swift; path = "Identity+CoreDataClass.swift"; sourceTree = "<group>"; };
		117ECAA727051C9700670B05 /* Identity+CoreDataProperties.swift */ = {isa = PBXFileReference; lastKnownFileType = sourcecode.swift; path = "Identity+CoreDataProperties.swift"; sourceTree = "<group>"; };
/* End PBXFileReference section */

/* Begin PBXFrameworksBuildPhase section */
		1167C8152704EDDA0032B9DA /* Frameworks */ = {
			isa = PBXFrameworksBuildPhase;
			buildActionMask = 2147483647;
			files = (
			);
			runOnlyForDeploymentPostprocessing = 0;
		};
/* End PBXFrameworksBuildPhase section */

/* Begin PBXGroup section */
		1167C80F2704EDDA0032B9DA = {
			isa = PBXGroup;
			children = (
				1167C81A2704EDDA0032B9DA /* StorageV0 */,
				1167C8192704EDDA0032B9DA /* Products */,
			);
			sourceTree = "<group>";
		};
		1167C8192704EDDA0032B9DA /* Products */ = {
			isa = PBXGroup;
			children = (
				1167C8182704EDDA0032B9DA /* StorageV0.app */,
			);
			name = Products;
			sourceTree = "<group>";
		};
		1167C81A2704EDDA0032B9DA /* StorageV0 */ = {
			isa = PBXGroup;
			children = (
				1167C846270505B60032B9DA /* data */,
				1167C81B2704EDDA0032B9DA /* AppDelegate.swift */,
				1167C81D2704EDDA0032B9DA /* SceneDelegate.swift */,
				1167C81F2704EDDA0032B9DA /* ViewController.swift */,
				1167C8212704EDDA0032B9DA /* Main.storyboard */,
				1167C8272704EDDB0032B9DA /* Assets.xcassets */,
				1167C8292704EDDB0032B9DA /* LaunchScreen.storyboard */,
				1167C82C2704EDDB0032B9DA /* Info.plist */,
				1167C8242704EDDA0032B9DA /* StorageV0.xcdatamodeld */,
			);
			path = StorageV0;
			sourceTree = "<group>";
		};
		1167C846270505B60032B9DA /* data */ = {
			isa = PBXGroup;
			children = (
				1167C84827050F330032B9DA /* message */,
				1167C84727050F200032B9DA /* basic */,
			);
			path = data;
			sourceTree = "<group>";
		};
		1167C84727050F200032B9DA /* basic */ = {
			isa = PBXGroup;
			children = (
				117ECAA627051C9700670B05 /* Identity+CoreDataClass.swift */,
				117ECAA727051C9700670B05 /* Identity+CoreDataProperties.swift */,
				117ECA882705166D00670B05 /* BdfList+CoreDataClass.swift */,
				117ECA892705166D00670B05 /* BdfList+CoreDataProperties.swift */,
				117ECA8A2705166D00670B05 /* Bytes+CoreDataClass.swift */,
				117ECA8B2705166D00670B05 /* Bytes+CoreDataProperties.swift */,
				117ECA8E2705166D00670B05 /* Bdf+CoreDataClass.swift */,
				117ECA8F2705166D00670B05 /* Bdf+CoreDataProperties.swift */,
				117ECA902705166D00670B05 /* Key+CoreDataClass.swift */,
				117ECA912705166D00670B05 /* Key+CoreDataProperties.swift */,
			);
			path = basic;
			sourceTree = "<group>";
		};
		1167C84827050F330032B9DA /* message */ = {
			isa = PBXGroup;
			children = (
				117ECAA427051C9700670B05 /* NaiveMessage+CoreDataClass.swift */,
				117ECAA527051C9700670B05 /* NaiveMessage+CoreDataProperties.swift */,
			);
			path = message;
			sourceTree = "<group>";
		};
/* End PBXGroup section */

/* Begin PBXNativeTarget section */
		1167C8172704EDDA0032B9DA /* StorageV0 */ = {
			isa = PBXNativeTarget;
			buildConfigurationList = 1167C82F2704EDDB0032B9DA /* Build configuration list for PBXNativeTarget "StorageV0" */;
			buildPhases = (
				1167C8142704EDDA0032B9DA /* Sources */,
				1167C8152704EDDA0032B9DA /* Frameworks */,
				1167C8162704EDDA0032B9DA /* Resources */,
			);
			buildRules = (
			);
			dependencies = (
			);
			name = StorageV0;
			productName = StorageV0;
			productReference = 1167C8182704EDDA0032B9DA /* StorageV0.app */;
			productType = "com.apple.product-type.application";
		};
/* End PBXNativeTarget section */

/* Begin PBXProject section */
		1167C8102704EDDA0032B9DA /* Project object */ = {
			isa = PBXProject;
			attributes = {
				LastSwiftUpdateCheck = 1250;
				LastUpgradeCheck = 1250;
				TargetAttributes = {
					1167C8172704EDDA0032B9DA = {
						CreatedOnToolsVersion = 12.5.1;
					};
				};
			};
			buildConfigurationList = 1167C8132704EDDA0032B9DA /* Build configuration list for PBXProject "StorageV0" */;
			compatibilityVersion = "Xcode 9.3";
			developmentRegion = en;
			hasScannedForEncodings = 0;
			knownRegions = (
				en,
				Base,
			);
			mainGroup = 1167C80F2704EDDA0032B9DA;
			productRefGroup = 1167C8192704EDDA0032B9DA /* Products */;
			projectDirPath = "";
			projectRoot = "";
			targets = (
				1167C8172704EDDA0032B9DA /* StorageV0 */,
			);
		};
/* End PBXProject section */

/* Begin PBXResourcesBuildPhase section */
		1167C8162704EDDA0032B9DA /* Resources */ = {
			isa = PBXResourcesBuildPhase;
			buildActionMask = 2147483647;
			files = (
				1167C82B2704EDDB0032B9DA /* LaunchScreen.storyboard in Resources */,
				1167C8282704EDDB0032B9DA /* Assets.xcassets in Resources */,
				1167C8232704EDDA0032B9DA /* Main.storyboard in Resources */,
			);
			runOnlyForDeploymentPostprocessing = 0;
		};
/* End PBXResourcesBuildPhase section */

/* Begin PBXSourcesBuildPhase section */
		1167C8142704EDDA0032B9DA /* Sources */ = {
			isa = PBXSourcesBuildPhase;
			buildActionMask = 2147483647;
			files = (
				1167C8202704EDDA0032B9DA /* ViewController.swift in Sources */,
				117ECAA927051C9700670B05 /* NaiveMessage+CoreDataProperties.swift in Sources */,
				117ECA982705166D00670B05 /* Bytes+CoreDataClass.swift in Sources */,
				117ECAAB27051C9700670B05 /* Identity+CoreDataProperties.swift in Sources */,
				117ECA962705166D00670B05 /* BdfList+CoreDataClass.swift in Sources */,
				117ECA972705166D00670B05 /* BdfList+CoreDataProperties.swift in Sources */,
				117ECA9E2705166D00670B05 /* Key+CoreDataClass.swift in Sources */,
				117ECAAA27051C9700670B05 /* Identity+CoreDataClass.swift in Sources */,
				1167C8262704EDDA0032B9DA /* StorageV0.xcdatamodeld in Sources */,
				117ECA9C2705166D00670B05 /* Bdf+CoreDataClass.swift in Sources */,
				1167C81C2704EDDA0032B9DA /* AppDelegate.swift in Sources */,
				117ECAA827051C9700670B05 /* NaiveMessage+CoreDataClass.swift in Sources */,
				1167C81E2704EDDA0032B9DA /* SceneDelegate.swift in Sources */,
				117ECA9F2705166D00670B05 /* Key+CoreDataProperties.swift in Sources */,
				117ECA9D2705166D00670B05 /* Bdf+CoreDataProperties.swift in Sources */,
				117ECA992705166D00670B05 /* Bytes+CoreDataProperties.swift in Sources */,
			);
			runOnlyForDeploymentPostprocessing = 0;
		};
/* End PBXSourcesBuildPhase section */

/* Begin PBXVariantGroup section */
		1167C8212704EDDA0032B9DA /* Main.storyboard */ = {
			isa = PBXVariantGroup;
			children = (
				1167C8222704EDDA0032B9DA /* Base */,
			);
			name = Main.storyboard;
			sourceTree = "<group>";
		};
		1167C8292704EDDB0032B9DA /* LaunchScreen.storyboard */ = {
			isa = PBXVariantGroup;
			children = (
				1167C82A2704EDDB0032B9DA /* Base */,
			);
			name = LaunchScreen.storyboard;
			sourceTree = "<group>";
		};
/* End PBXVariantGroup section */

/* Begin XCBuildConfiguration section */
		1167C82D2704EDDB0032B9DA /* Debug */ = {
			isa = XCBuildConfiguration;
			buildSettings = {
				ALWAYS_SEARCH_USER_PATHS = NO;
				CLANG_ANALYZER_NONNULL = YES;
				CLANG_ANALYZER_NUMBER_OBJECT_CONVERSION = YES_AGGRESSIVE;
				CLANG_CXX_LANGUAGE_STANDARD = "gnu++14";
				CLANG_CXX_LIBRARY = "libc++";
				CLANG_ENABLE_MODULES = YES;
				CLANG_ENABLE_OBJC_ARC = YES;
				CLANG_ENABLE_OBJC_WEAK = YES;
				CLANG_WARN_BLOCK_CAPTURE_AUTORELEASING = YES;
				CLANG_WARN_BOOL_CONVERSION = YES;
				CLANG_WARN_COMMA = YES;
				CLANG_WARN_CONSTANT_CONVERSION = YES;
				CLANG_WARN_DEPRECATED_OBJC_IMPLEMENTATIONS = YES;
				CLANG_WARN_DIRECT_OBJC_ISA_USAGE = YES_ERROR;
				CLANG_WARN_DOCUMENTATION_COMMENTS = YES;
				CLANG_WARN_EMPTY_BODY = YES;
				CLANG_WARN_ENUM_CONVERSION = YES;
				CLANG_WARN_INFINITE_RECURSION = YES;
				CLANG_WARN_INT_CONVERSION = YES;
				CLANG_WARN_NON_LITERAL_NULL_CONVERSION = YES;
				CLANG_WARN_OBJC_IMPLICIT_RETAIN_SELF = YES;
				CLANG_WARN_OBJC_LITERAL_CONVERSION = YES;
				CLANG_WARN_OBJC_ROOT_CLASS = YES_ERROR;
				CLANG_WARN_QUOTED_INCLUDE_IN_FRAMEWORK_HEADER = YES;
				CLANG_WARN_RANGE_LOOP_ANALYSIS = YES;
				CLANG_WARN_STRICT_PROTOTYPES = YES;
				CLANG_WARN_SUSPICIOUS_MOVE = YES;
				CLANG_WARN_UNGUARDED_AVAILABILITY = YES_AGGRESSIVE;
				CLANG_WARN_UNREACHABLE_CODE = YES;
				CLANG_WARN__DUPLICATE_METHOD_MATCH = YES;
				COPY_PHASE_STRIP = NO;
				DEBUG_INFORMATION_FORMAT = dwarf;
				ENABLE_STRICT_OBJC_MSGSEND = YES;
				ENABLE_TESTABILITY = YES;
				GCC_C_LANGUAGE_STANDARD = gnu11;
				GCC_DYNAMIC_NO_PIC = NO;
				GCC_NO_COMMON_BLOCKS = YES;
				GCC_OPTIMIZATION_LEVEL = 0;
				GCC_PREPROCESSOR_DEFINITIONS = (
					"DEBUG=1",
					"$(inherited)",
				);
				GCC_WARN_64_TO_32_BIT_CONVERSION = YES;
				GCC_WARN_ABOUT_RETURN_TYPE = YES_ERROR;
				GCC_WARN_UNDECLARED_SELECTOR = YES;
				GCC_WARN_UNINITIALIZED_AUTOS = YES_AGGRESSIVE;
				GCC_WARN_UNUSED_FUNCTION = YES;
				GCC_WARN_UNUSED_VARIABLE = YES;
				IPHONEOS_DEPLOYMENT_TARGET = 14.5;
				MTL_ENABLE_DEBUG_INFO = INCLUDE_SOURCE;
				MTL_FAST_MATH = YES;
				ONLY_ACTIVE_ARCH = YES;
				SDKROOT = iphoneos;
				SWIFT_ACTIVE_COMPILATION_CONDITIONS = DEBUG;
				SWIFT_OPTIMIZATION_LEVEL = "-Onone";
			};
			name = Debug;
		};
		1167C82E2704EDDB0032B9DA /* Release */ = {
			isa = XCBuildConfiguration;
			buildSettings = {
				ALWAYS_SEARCH_USER_PATHS = NO;
				CLANG_ANALYZER_NONNULL = YES;
				CLANG_ANALYZER_NUMBER_OBJECT_CONVERSION = YES_AGGRESSIVE;
				CLANG_CXX_LANGUAGE_STANDARD = "gnu++14";
				CLANG_CXX_LIBRARY = "libc++";
				CLANG_ENABLE_MODULES = YES;
				CLANG_ENABLE_OBJC_ARC = YES;
				CLANG_ENABLE_OBJC_WEAK = YES;
				CLANG_WARN_BLOCK_CAPTURE_AUTORELEASING = YES;
				CLANG_WARN_BOOL_CONVERSION = YES;
				CLANG_WARN_COMMA = YES;
				CLANG_WARN_CONSTANT_CONVERSION = YES;
				CLANG_WARN_DEPRECATED_OBJC_IMPLEMENTATIONS = YES;
				CLANG_WARN_DIRECT_OBJC_ISA_USAGE = YES_ERROR;
				CLANG_WARN_DOCUMENTATION_COMMENTS = YES;
				CLANG_WARN_EMPTY_BODY = YES;
				CLANG_WARN_ENUM_CONVERSION = YES;
				CLANG_WARN_INFINITE_RECURSION = YES;
				CLANG_WARN_INT_CONVERSION = YES;
				CLANG_WARN_NON_LITERAL_NULL_CONVERSION = YES;
				CLANG_WARN_OBJC_IMPLICIT_RETAIN_SELF = YES;
				CLANG_WARN_OBJC_LITERAL_CONVERSION = YES;
				CLANG_WARN_OBJC_ROOT_CLASS = YES_ERROR;
				CLANG_WARN_QUOTED_INCLUDE_IN_FRAMEWORK_HEADER = YES;
				CLANG_WARN_RANGE_LOOP_ANALYSIS = YES;
				CLANG_WARN_STRICT_PROTOTYPES = YES;
				CLANG_WARN_SUSPICIOUS_MOVE = YES;
				CLANG_WARN_UNGUARDED_AVAILABILITY = YES_AGGRESSIVE;
				CLANG_WARN_UNREACHABLE_CODE = YES;
				CLANG_WARN__DUPLICATE_METHOD_MATCH = YES;
				COPY_PHASE_STRIP = NO;
				DEBUG_INFORMATION_FORMAT = "dwarf-with-dsym";
				ENABLE_NS_ASSERTIONS = NO;
				ENABLE_STRICT_OBJC_MSGSEND = YES;
				GCC_C_LANGUAGE_STANDARD = gnu11;
				GCC_NO_COMMON_BLOCKS = YES;
				GCC_WARN_64_TO_32_BIT_CONVERSION = YES;
				GCC_WARN_ABOUT_RETURN_TYPE = YES_ERROR;
				GCC_WARN_UNDECLARED_SELECTOR = YES;
				GCC_WARN_UNINITIALIZED_AUTOS = YES_AGGRESSIVE;
				GCC_WARN_UNUSED_FUNCTION = YES;
				GCC_WARN_UNUSED_VARIABLE = YES;
				IPHONEOS_DEPLOYMENT_TARGET = 14.5;
				MTL_ENABLE_DEBUG_INFO = NO;
				MTL_FAST_MATH = YES;
				SDKROOT = iphoneos;
				SWIFT_COMPILATION_MODE = wholemodule;
				SWIFT_OPTIMIZATION_LEVEL = "-O";
				VALIDATE_PRODUCT = YES;
			};
			name = Release;
		};
		1167C8302704EDDB0032B9DA /* Debug */ = {
			isa = XCBuildConfiguration;
			buildSettings = {
				ASSETCATALOG_COMPILER_APPICON_NAME = AppIcon;
				ASSETCATALOG_COMPILER_GLOBAL_ACCENT_COLOR_NAME = AccentColor;
				CODE_SIGN_STYLE = Automatic;
				INFOPLIST_FILE = StorageV0/Info.plist;
				LD_RUNPATH_SEARCH_PATHS = (
					"$(inherited)",
					"@executable_path/Frameworks",
				);
				PRODUCT_BUNDLE_IDENTIFIER = RayC.StorageV0;
				PRODUCT_NAME = "$(TARGET_NAME)";
				SWIFT_VERSION = 5.0;
				TARGETED_DEVICE_FAMILY = "1,2";
			};
			name = Debug;
		};
		1167C8312704EDDB0032B9DA /* Release */ = {
			isa = XCBuildConfiguration;
			buildSettings = {
				ASSETCATALOG_COMPILER_APPICON_NAME = AppIcon;
				ASSETCATALOG_COMPILER_GLOBAL_ACCENT_COLOR_NAME = AccentColor;
				CODE_SIGN_STYLE = Automatic;
				INFOPLIST_FILE = StorageV0/Info.plist;
				LD_RUNPATH_SEARCH_PATHS = (
					"$(inherited)",
					"@executable_path/Frameworks",
				);
				PRODUCT_BUNDLE_IDENTIFIER = RayC.StorageV0;
				PRODUCT_NAME = "$(TARGET_NAME)";
				SWIFT_VERSION = 5.0;
				TARGETED_DEVICE_FAMILY = "1,2";
			};
			name = Release;
		};
/* End XCBuildConfiguration section */

/* Begin XCConfigurationList section */
		1167C8132704EDDA0032B9DA /* Build configuration list for PBXProject "StorageV0" */ = {
			isa = XCConfigurationList;
			buildConfigurations = (
				1167C82D2704EDDB0032B9DA /* Debug */,
				1167C82E2704EDDB0032B9DA /* Release */,
			);
			defaultConfigurationIsVisible = 0;
			defaultConfigurationName = Release;
		};
		1167C82F2704EDDB0032B9DA /* Build configuration list for PBXNativeTarget "StorageV0" */ = {
			isa = XCConfigurationList;
			buildConfigurations = (
				1167C8302704EDDB0032B9DA /* Debug */,
				1167C8312704EDDB0032B9DA /* Release */,
			);
			defaultConfigurationIsVisible = 0;
			defaultConfigurationName = Release;
		};
/* End XCConfigurationList section */

/* Begin XCVersionGroup section */
		1167C8242704EDDA0032B9DA /* StorageV0.xcdatamodeld */ = {
			isa = XCVersionGroup;
			children = (
				1167C8252704EDDA0032B9DA /* StorageV0.xcdatamodel */,
			);
			currentVersion = 1167C8252704EDDA0032B9DA /* StorageV0.xcdatamodel */;
			path = StorageV0.xcdatamodeld;
			sourceTree = "<group>";
			versionGroupType = wrapper.xcdatamodel;
		};
/* End XCVersionGroup section */
	};
	rootObject = 1167C8102704EDDA0032B9DA /* Project object */;
}
